{
  "object": {
    "pins": [
      {
        "package": "Starscream",
        "repositoryURL": "https://github.com/daltoniam/Starscream.git",
        "state": {
          "branch": null,
          "revision": "df8d82047f6654d8e4b655d1b1525c64e1059d21",
          "version": "4.0.4"
        }
      },
      {
        "package": "WebRTC",
        "repositoryURL": "https://github.com/stasel/WebRTC.git",
        "state": {
          "branch": null,
          "revision": "8ce70d799bc637be04489376ebae7334061a1db0",
          "version": "94.0.0"
        }
      }
    ]
  },
  "version": 1
}
